<?xml version="1.0" encoding="UTF-8"?>
<CONFIG>
  <ProjectOptions>
    <Version Value="12"/>
    <General>
      <SessionStorage Value="InProjectDir"/>
      <Title Value="WhonixStarter"/>
      <Scaled Value="True"/>
      <ResourceType Value="res"/>
      <UseXPManifest Value="True"/>
      <XPManifest>
        <DpiAware Value="True"/>
      </XPManifest>
      <Icon Value="0"/>
    </General>
    <VersionInfo>
      <UseVersionInfo Value="True"/>
      <MajorVersionNr Value="2"/>
      <Attributes pvaDebug="True"/>
      <StringTable Comments="Whonix Starter Application" CompanyName="ENCRYPTED SUPPORT LLC" FileDescription="Whonix Starter Executable" InternalName="WhonixStarter" LegalCopyright="Copyright (C) 2022" OriginalFilename="WhonixStarter.exe" ProductName="Whonix Starter" ProductVersion="2.0.0"/>
    </VersionInfo>
    <BuildModes>
      <Item Name="Default" Default="True"/>
    </BuildModes>
    <PublishOptions>
      <Version Value="2"/>
      <UseFileFilters Value="True"/>
    </PublishOptions>
    <RunParams>
      <FormatVersion Value="2"/>
    </RunParams>
    <RequiredPackages>
      <Item>
        <PackageName Value="LCL"/>
      </Item>
    </RequiredPackages>
    <Units>
      <Unit>
        <Filename Value="WhonixStarter.lpr"/>
        <IsPartOfProject Value="True"/>
      </Unit>
      <Unit>
        <Filename Value="whonixstarter_main.pas"/>
        <IsPartOfProject Value="True"/>
        <ComponentName Value="MainForm"/>
        <HasResources Value="True"/>
        <ResourceBaseClass Value="Form"/>
        <UnitName Value="WhonixStarter_Main"/>
      </Unit>
      <Unit>
        <Filename Value="whonixstarter_error.pas"/>
        <IsPartOfProject Value="True"/>
        <ComponentName Value="ErrorForm"/>
        <HasResources Value="True"/>
        <ResourceBaseClass Value="Form"/>
        <UnitName Value="WhonixStarter_Error"/>
      </Unit>
      <Unit>
        <Filename Value="whonixstarterappconfig.pas"/>
        <IsPartOfProject Value="True"/>
        <UnitName Value="WhonixStarterAppConfig"/>
      </Unit>
      <Unit>
        <Filename Value="whonixutils.pas"/>
        <IsPartOfProject Value="True"/>
        <UnitName Value="WhonixUtils"/>
      </Unit>
    </Units>
  </ProjectOptions>
  <CompilerOptions>
    <Version Value="11"/>
    <Target>
      <Filename Value="WhonixStarter"/>
    </Target>
    <SearchPaths>
      <IncludeFiles Value="$(ProjOutDir)"/>
      <UnitOutputDirectory Value="lib/$(TargetCPU)-$(TargetOS)"/>
    </SearchPaths>
    <Linking>
      <Debugging>
        <DebugInfoType Value="dsDwarf2"/>
        <UseExternalDbgSyms Value="True"/>
      </Debugging>
      <Options>
        <Win32>
          <GraphicApplication Value="True"/>
        </Win32>
      </Options>
    </Linking>
  </CompilerOptions>
</CONFIG>
